
Microsoft Visual Studio Solution File, Format Version 12.00
# Visual Studio Version 17
VisualStudioVersion = 17.5.33530.505
MinimumVisualStudioVersion = 10.0.40219.1
Project("{FAE04EC0-301F-11D3-BF4B-00C04F79EFBC}") = "NerinLib", "NerinLib\NerinLib.csproj", "{8F2EF334-DA56-40B3-ADBE-AB34025D7CD2}"
EndProject
Project("{FAE04EC0-301F-11D3-BF4B-00C04F79EFBC}") = "NerREPL", "NerREPL\NerREPL.csproj", "{368C5A6E-AA5C-40D9-9B28-816A735C9D27}"
EndProject
Project("{FAE04EC0-301F-11D3-BF4B-00C04F79EFBC}") = "NiDE", "NiDE\NiDE.csproj", "{EED7CCF4-35A9-4317-BE20-2FC3D5064AAA}"
EndProject
Global
	GlobalSection(SolutionConfigurationPlatforms) = preSolution
		Debug|Any CPU = Debug|Any CPU
		Release|Any CPU = Release|Any CPU
	EndGlobalSection
	GlobalSection(ProjectConfigurationPlatforms) = postSolution
		{8F2EF334-DA56-40B3-ADBE-AB34025D7CD2}.Debug|Any CPU.ActiveCfg = Debug|Any CPU
		{8F2EF334-DA56-40B3-ADBE-AB34025D7CD2}.Debug|Any CPU.Build.0 = Debug|Any CPU
		{8F2EF334-DA56-40B3-ADBE-AB34025D7CD2}.Release|Any CPU.ActiveCfg = Release|Any CPU
		{8F2EF334-DA56-40B3-ADBE-AB34025D7CD2}.Release|Any CPU.Build.0 = Release|Any CPU
		{368C5A6E-AA5C-40D9-9B28-816A735C9D27}.Debug|Any CPU.ActiveCfg = Debug|Any CPU
		{368C5A6E-AA5C-40D9-9B28-816A735C9D27}.Debug|Any CPU.Build.0 = Debug|Any CPU
		{368C5A6E-AA5C-40D9-9B28-816A735C9D27}.Release|Any CPU.ActiveCfg = Release|Any CPU
		{368C5A6E-AA5C-40D9-9B28-816A735C9D27}.Release|Any CPU.Build.0 = Release|Any CPU
		{EED7CCF4-35A9-4317-BE20-2FC3D5064AAA}.Debug|Any CPU.ActiveCfg = Debug|Any CPU
		{EED7CCF4-35A9-4317-BE20-2FC3D5064AAA}.Debug|Any CPU.Build.0 = Debug|Any CPU
		{EED7CCF4-35A9-4317-BE20-2FC3D5064AAA}.Release|Any CPU.ActiveCfg = Release|Any CPU
		{EED7CCF4-35A9-4317-BE20-2FC3D5064AAA}.Release|Any CPU.Build.0 = Release|Any CPU
	EndGlobalSection
	GlobalSection(SolutionProperties) = preSolution
		HideSolutionNode = FALSE
	EndGlobalSection
	GlobalSection(ExtensibilityGlobals) = postSolution
		SolutionGuid = {713A92FF-42D0-47C6-AC6B-00A2DA837F5B}
	EndGlobalSection
EndGlobal
